
Microsoft Visual Studio Solution File, Format Version 12.00
# Visual Studio Version 17
VisualStudioVersion = 17.7.34009.444
MinimumVisualStudioVersion = 10.0.40219.1
Project("{FAE04EC0-301F-11D3-BF4B-00C04F79EFBC}") = "SingletonPattern", "SingletonPattern\SingletonPattern.csproj", "{AE235BA4-3FC5-42E4-AD1C-3619BCD46209}"
EndProject
Project("{FAE04EC0-301F-11D3-BF4B-00C04F79EFBC}") = "FactoryMethodPattern", "FactoryMethodPattern\FactoryMethodPattern.csproj", "{0DABED10-62BD-4CFB-87E1-88C93DA1FC92}"
EndProject
Project("{FAE04EC0-301F-11D3-BF4B-00C04F79EFBC}") = "AbstractFactoryPattern", "AbstractFactoryPattern\AbstractFactoryPattern.csproj", "{4A0FF39B-78F5-45AD-9E80-7862501D0C77}"
EndProject
Global
	GlobalSection(SolutionConfigurationPlatforms) = preSolution
		Debug|Any CPU = Debug|Any CPU
		Release|Any CPU = Release|Any CPU
	EndGlobalSection
	GlobalSection(ProjectConfigurationPlatforms) = postSolution
		{AE235BA4-3FC5-42E4-AD1C-3619BCD46209}.Debug|Any CPU.ActiveCfg = Debug|Any CPU
		{AE235BA4-3FC5-42E4-AD1C-3619BCD46209}.Debug|Any CPU.Build.0 = Debug|Any CPU
		{AE235BA4-3FC5-42E4-AD1C-3619BCD46209}.Release|Any CPU.ActiveCfg = Release|Any CPU
		{AE235BA4-3FC5-42E4-AD1C-3619BCD46209}.Release|Any CPU.Build.0 = Release|Any CPU
		{0DABED10-62BD-4CFB-87E1-88C93DA1FC92}.Debug|Any CPU.ActiveCfg = Debug|Any CPU
		{0DABED10-62BD-4CFB-87E1-88C93DA1FC92}.Debug|Any CPU.Build.0 = Debug|Any CPU
		{0DABED10-62BD-4CFB-87E1-88C93DA1FC92}.Release|Any CPU.ActiveCfg = Release|Any CPU
		{0DABED10-62BD-4CFB-87E1-88C93DA1FC92}.Release|Any CPU.Build.0 = Release|Any CPU
		{4A0FF39B-78F5-45AD-9E80-7862501D0C77}.Debug|Any CPU.ActiveCfg = Debug|Any CPU
		{4A0FF39B-78F5-45AD-9E80-7862501D0C77}.Debug|Any CPU.Build.0 = Debug|Any CPU
		{4A0FF39B-78F5-45AD-9E80-7862501D0C77}.Release|Any CPU.ActiveCfg = Release|Any CPU
		{4A0FF39B-78F5-45AD-9E80-7862501D0C77}.Release|Any CPU.Build.0 = Release|Any CPU
	EndGlobalSection
	GlobalSection(SolutionProperties) = preSolution
		HideSolutionNode = FALSE
	EndGlobalSection
	GlobalSection(ExtensibilityGlobals) = postSolution
		SolutionGuid = {A704E225-A9B1-47CA-88E0-6D61E247C1E5}
	EndGlobalSection
EndGlobal
