
Microsoft Visual Studio Solution File, Format Version 12.00
# Visual Studio Version 17
VisualStudioVersion = 17.7.34009.444
MinimumVisualStudioVersion = 10.0.40219.1
Project("{2150E333-8FDC-42A3-9474-1A3956D46DE8}") = "Creational Patterns", "Creational Patterns", "{1D88F9A3-A36F-4498-8A95-CB28C8F8D2D6}"
EndProject
Project("{2150E333-8FDC-42A3-9474-1A3956D46DE8}") = "Structural Patterns", "Structural Patterns", "{39399ACA-E6F1-4530-B400-C88FCEB32239}"
EndProject
Project("{2150E333-8FDC-42A3-9474-1A3956D46DE8}") = "Behavioral Patterns", "Behavioral Patterns", "{3E1079B7-A21F-4E99-97ED-AD1DEDE1BD6B}"
EndProject
Project("{FAE04EC0-301F-11D3-BF4B-00C04F79EFBC}") = "SingletonPattern", "SingletonPattern\SingletonPattern.csproj", "{AE235BA4-3FC5-42E4-AD1C-3619BCD46209}"
EndProject
Global
	GlobalSection(SolutionConfigurationPlatforms) = preSolution
		Debug|Any CPU = Debug|Any CPU
		Release|Any CPU = Release|Any CPU
	EndGlobalSection
	GlobalSection(ProjectConfigurationPlatforms) = postSolution
		{AE235BA4-3FC5-42E4-AD1C-3619BCD46209}.Debug|Any CPU.ActiveCfg = Debug|Any CPU
		{AE235BA4-3FC5-42E4-AD1C-3619BCD46209}.Debug|Any CPU.Build.0 = Debug|Any CPU
		{AE235BA4-3FC5-42E4-AD1C-3619BCD46209}.Release|Any CPU.ActiveCfg = Release|Any CPU
		{AE235BA4-3FC5-42E4-AD1C-3619BCD46209}.Release|Any CPU.Build.0 = Release|Any CPU
	EndGlobalSection
	GlobalSection(SolutionProperties) = preSolution
		HideSolutionNode = FALSE
	EndGlobalSection
	GlobalSection(NestedProjects) = preSolution
		{AE235BA4-3FC5-42E4-AD1C-3619BCD46209} = {1D88F9A3-A36F-4498-8A95-CB28C8F8D2D6}
	EndGlobalSection
	GlobalSection(ExtensibilityGlobals) = postSolution
		SolutionGuid = {A704E225-A9B1-47CA-88E0-6D61E247C1E5}
	EndGlobalSection
EndGlobal
